// !$*UTF8*$!
{
	archiveVersion = 1;
	classes = {
	};
	objectVersion = 46;
	objects = {

/* Begin PBXBuildFile section */
		EDB2545818FFAA7600FFD9EF /* Foundation.framework in Frameworks */ = {isa = PBXBuildFile; fileRef = EDB2545718FFAA7600FFD9EF /* Foundation.framework */; };
		EDB2545A18FFAA7600FFD9EF /* CoreGraphics.framework in Frameworks */ = {isa = PBXBuildFile; fileRef = EDB2545918FFAA7600FFD9EF /* CoreGraphics.framework */; };
		EDB2545C18FFAA7600FFD9EF /* UIKit.framework in Frameworks */ = {isa = PBXBuildFile; fileRef = EDB2545B18FFAA7600FFD9EF /* UIKit.framework */; };
		EDB2546218FFAA7600FFD9EF /* InfoPlist.strings in Resources */ = {isa = PBXBuildFile; fileRef = EDB2546018FFAA7600FFD9EF /* InfoPlist.strings */; };
		EDB2546418FFAA7600FFD9EF /* main.m in Sources */ = {isa = PBXBuildFile; fileRef = EDB2546318FFAA7600FFD9EF /* main.m */; };
		EDB2546818FFAA7600FFD9EF /* AppDelegate.m in Sources */ = {isa = PBXBuildFile; fileRef = EDB2546718FFAA7600FFD9EF /* AppDelegate.m */; };
		EDB2546B18FFAA7600FFD9EF /* Main_iPhone.storyboard in Resources */ = {isa = PBXBuildFile; fileRef = EDB2546918FFAA7600FFD9EF /* Main_iPhone.storyboard */; };
		EDB2546E18FFAA7600FFD9EF /* Main_iPad.storyboard in Resources */ = {isa = PBXBuildFile; fileRef = EDB2546C18FFAA7600FFD9EF /* Main_iPad.storyboard */; };
		EDB2547118FFAA7600FFD9EF /* ViewController.m in Sources */ = {isa = PBXBuildFile; fileRef = EDB2547018FFAA7600FFD9EF /* ViewController.m */; };
		EDB2547318FFAA7600FFD9EF /* Images.xcassets in Resources */ = {isa = PBXBuildFile; fileRef = EDB2547218FFAA7600FFD9EF /* Images.xcassets */; };
		EDB2549118FFAAC000FFD9EF /* CDCodabarView.m in Sources */ = {isa = PBXBuildFile; fileRef = EDB2549018FFAAC000FFD9EF /* CDCodabarView.m */; };
/* End PBXBuildFile section */

/* Begin PBXFileReference section */
		EDB2545418FFAA7600FFD9EF /* CDCodabarGenerator.app */ = {isa = PBXFileReference; explicitFileType = wrapper.application; includeInIndex = 0; path = CDCodabarGenerator.app; sourceTree = BUILT_PRODUCTS_DIR; };
		EDB2545718FFAA7600FFD9EF /* Foundation.framework */ = {isa = PBXFileReference; lastKnownFileType = wrapper.framework; name = Foundation.framework; path = System/Library/Frameworks/Foundation.framework; sourceTree = SDKROOT; };
		EDB2545918FFAA7600FFD9EF /* CoreGraphics.framework */ = {isa = PBXFileReference; lastKnownFileType = wrapper.framework; name = CoreGraphics.framework; path = System/Library/Frameworks/CoreGraphics.framework; sourceTree = SDKROOT; };
		EDB2545B18FFAA7600FFD9EF /* UIKit.framework */ = {isa = PBXFileReference; lastKnownFileType = wrapper.framework; name = UIKit.framework; path = System/Library/Frameworks/UIKit.framework; sourceTree = SDKROOT; };
		EDB2545F18FFAA7600FFD9EF /* CDCodabarGenerator-Info.plist */ = {isa = PBXFileReference; lastKnownFileType = text.plist.xml; path = "CDCodabarGenerator-Info.plist"; sourceTree = "<group>"; };
		EDB2546118FFAA7600FFD9EF /* en */ = {isa = PBXFileReference; lastKnownFileType = text.plist.strings; name = en; path = en.lproj/InfoPlist.strings; sourceTree = "<group>"; };
		EDB2546318FFAA7600FFD9EF /* main.m */ = {isa = PBXFileReference; lastKnownFileType = sourcecode.c.objc; path = main.m; sourceTree = "<group>"; };
		EDB2546518FFAA7600FFD9EF /* CDCodabarGenerator-Prefix.pch */ = {isa = PBXFileReference; lastKnownFileType = sourcecode.c.h; path = "CDCodabarGenerator-Prefix.pch"; sourceTree = "<group>"; };
		EDB2546618FFAA7600FFD9EF /* AppDelegate.h */ = {isa = PBXFileReference; lastKnownFileType = sourcecode.c.h; path = AppDelegate.h; sourceTree = "<group>"; };
		EDB2546718FFAA7600FFD9EF /* AppDelegate.m */ = {isa = PBXFileReference; lastKnownFileType = sourcecode.c.objc; path = AppDelegate.m; sourceTree = "<group>"; };
		EDB2546A18FFAA7600FFD9EF /* Base */ = {isa = PBXFileReference; lastKnownFileType = file.storyboard; name = Base; path = Base.lproj/Main_iPhone.storyboard; sourceTree = "<group>"; };
		EDB2546D18FFAA7600FFD9EF /* Base */ = {isa = PBXFileReference; lastKnownFileType = file.storyboard; name = Base; path = Base.lproj/Main_iPad.storyboard; sourceTree = "<group>"; };
		EDB2546F18FFAA7600FFD9EF /* ViewController.h */ = {isa = PBXFileReference; lastKnownFileType = sourcecode.c.h; path = ViewController.h; sourceTree = "<group>"; };
		EDB2547018FFAA7600FFD9EF /* ViewController.m */ = {isa = PBXFileReference; lastKnownFileType = sourcecode.c.objc; path = ViewController.m; sourceTree = "<group>"; };
		EDB2547218FFAA7600FFD9EF /* Images.xcassets */ = {isa = PBXFileReference; lastKnownFileType = folder.assetcatalog; path = Images.xcassets; sourceTree = "<group>"; };
		EDB2547918FFAA7600FFD9EF /* XCTest.framework */ = {isa = PBXFileReference; lastKnownFileType = wrapper.framework; name = XCTest.framework; path = Library/Frameworks/XCTest.framework; sourceTree = DEVELOPER_DIR; };
		EDB2548F18FFAAC000FFD9EF /* CDCodabarView.h */ = {isa = PBXFileReference; fileEncoding = 4; lastKnownFileType = sourcecode.c.h; path = CDCodabarView.h; sourceTree = "<group>"; };
		EDB2549018FFAAC000FFD9EF /* CDCodabarView.m */ = {isa = PBXFileReference; fileEncoding = 4; lastKnownFileType = sourcecode.c.objc; path = CDCodabarView.m; sourceTree = "<group>"; };
/* End PBXFileReference section */

/* Begin PBXFrameworksBuildPhase section */
		EDB2545118FFAA7600FFD9EF /* Frameworks */ = {
			isa = PBXFrameworksBuildPhase;
			buildActionMask = 2147483647;
			files = (
				EDB2545A18FFAA7600FFD9EF /* CoreGraphics.framework in Frameworks */,
				EDB2545C18FFAA7600FFD9EF /* UIKit.framework in Frameworks */,
				EDB2545818FFAA7600FFD9EF /* Foundation.framework in Frameworks */,
			);
			runOnlyForDeploymentPostprocessing = 0;
		};
/* End PBXFrameworksBuildPhase section */

/* Begin PBXGroup section */
		EDB2544B18FFAA7600FFD9EF = {
			isa = PBXGroup;
			children = (
				EDB2545D18FFAA7600FFD9EF /* CDCodabarGenerator */,
				EDB2545618FFAA7600FFD9EF /* Frameworks */,
				EDB2545518FFAA7600FFD9EF /* Products */,
			);
			sourceTree = "<group>";
		};
		EDB2545518FFAA7600FFD9EF /* Products */ = {
			isa = PBXGroup;
			children = (
				EDB2545418FFAA7600FFD9EF /* CDCodabarGenerator.app */,
			);
			name = Products;
			sourceTree = "<group>";
		};
		EDB2545618FFAA7600FFD9EF /* Frameworks */ = {
			isa = PBXGroup;
			children = (
				EDB2545718FFAA7600FFD9EF /* Foundation.framework */,
				EDB2545918FFAA7600FFD9EF /* CoreGraphics.framework */,
				EDB2545B18FFAA7600FFD9EF /* UIKit.framework */,
				EDB2547918FFAA7600FFD9EF /* XCTest.framework */,
			);
			name = Frameworks;
			sourceTree = "<group>";
		};
		EDB2545D18FFAA7600FFD9EF /* CDCodabarGenerator */ = {
			isa = PBXGroup;
			children = (
				EDB2546618FFAA7600FFD9EF /* AppDelegate.h */,
				EDB2546718FFAA7600FFD9EF /* AppDelegate.m */,
				EDB2546918FFAA7600FFD9EF /* Main_iPhone.storyboard */,
				EDB2546C18FFAA7600FFD9EF /* Main_iPad.storyboard */,
				EDB2546F18FFAA7600FFD9EF /* ViewController.h */,
				EDB2547018FFAA7600FFD9EF /* ViewController.m */,
				EDB2548F18FFAAC000FFD9EF /* CDCodabarView.h */,
				EDB2549018FFAAC000FFD9EF /* CDCodabarView.m */,
				EDB2547218FFAA7600FFD9EF /* Images.xcassets */,
				EDB2545E18FFAA7600FFD9EF /* Supporting Files */,
			);
			path = CDCodabarGenerator;
			sourceTree = "<group>";
		};
		EDB2545E18FFAA7600FFD9EF /* Supporting Files */ = {
			isa = PBXGroup;
			children = (
				EDB2545F18FFAA7600FFD9EF /* CDCodabarGenerator-Info.plist */,
				EDB2546018FFAA7600FFD9EF /* InfoPlist.strings */,
				EDB2546318FFAA7600FFD9EF /* main.m */,
				EDB2546518FFAA7600FFD9EF /* CDCodabarGenerator-Prefix.pch */,
			);
			name = "Supporting Files";
			sourceTree = "<group>";
		};
/* End PBXGroup section */

/* Begin PBXNativeTarget section */
		EDB2545318FFAA7600FFD9EF /* CDCodabarGenerator */ = {
			isa = PBXNativeTarget;
			buildConfigurationList = EDB2548918FFAA7600FFD9EF /* Build configuration list for PBXNativeTarget "CDCodabarGenerator" */;
			buildPhases = (
				EDB2545018FFAA7600FFD9EF /* Sources */,
				EDB2545118FFAA7600FFD9EF /* Frameworks */,
				EDB2545218FFAA7600FFD9EF /* Resources */,
			);
			buildRules = (
			);
			dependencies = (
			);
			name = CDCodabarGenerator;
			productName = CDCodabarGenerator;
			productReference = EDB2545418FFAA7600FFD9EF /* CDCodabarGenerator.app */;
			productType = "com.apple.product-type.application";
		};
/* End PBXNativeTarget section */

/* Begin PBXProject section */
		EDB2544C18FFAA7600FFD9EF /* Project object */ = {
			isa = PBXProject;
			attributes = {
				LastUpgradeCheck = 0510;
				ORGANIZATIONNAME = "Cole Dunsby";
			};
			buildConfigurationList = EDB2544F18FFAA7600FFD9EF /* Build configuration list for PBXProject "CDCodabarGenerator" */;
			compatibilityVersion = "Xcode 3.2";
			developmentRegion = English;
			hasScannedForEncodings = 0;
			knownRegions = (
				en,
				Base,
			);
			mainGroup = EDB2544B18FFAA7600FFD9EF;
			productRefGroup = EDB2545518FFAA7600FFD9EF /* Products */;
			projectDirPath = "";
			projectRoot = "";
			targets = (
				EDB2545318FFAA7600FFD9EF /* CDCodabarGenerator */,
			);
		};
/* End PBXProject section */

/* Begin PBXResourcesBuildPhase section */
		EDB2545218FFAA7600FFD9EF /* Resources */ = {
			isa = PBXResourcesBuildPhase;
			buildActionMask = 2147483647;
			files = (
				EDB2546E18FFAA7600FFD9EF /* Main_iPad.storyboard in Resources */,
				EDB2547318FFAA7600FFD9EF /* Images.xcassets in Resources */,
				EDB2546B18FFAA7600FFD9EF /* Main_iPhone.storyboard in Resources */,
				EDB2546218FFAA7600FFD9EF /* InfoPlist.strings in Resources */,
			);
			runOnlyForDeploymentPostprocessing = 0;
		};
/* End PBXResourcesBuildPhase section */

/* Begin PBXSourcesBuildPhase section */
		EDB2545018FFAA7600FFD9EF /* Sources */ = {
			isa = PBXSourcesBuildPhase;
			buildActionMask = 2147483647;
			files = (
				EDB2549118FFAAC000FFD9EF /* CDCodabarView.m in Sources */,
				EDB2547118FFAA7600FFD9EF /* ViewController.m in Sources */,
				EDB2546818FFAA7600FFD9EF /* AppDelegate.m in Sources */,
				EDB2546418FFAA7600FFD9EF /* main.m in Sources */,
			);
			runOnlyForDeploymentPostprocessing = 0;
		};
/* End PBXSourcesBuildPhase section */

/* Begin PBXVariantGroup section */
		EDB2546018FFAA7600FFD9EF /* InfoPlist.strings */ = {
			isa = PBXVariantGroup;
			children = (
				EDB2546118FFAA7600FFD9EF /* en */,
			);
			name = InfoPlist.strings;
			sourceTree = "<group>";
		};
		EDB2546918FFAA7600FFD9EF /* Main_iPhone.storyboard */ = {
			isa = PBXVariantGroup;
			children = (
				EDB2546A18FFAA7600FFD9EF /* Base */,
			);
			name = Main_iPhone.storyboard;
			sourceTree = "<group>";
		};
		EDB2546C18FFAA7600FFD9EF /* Main_iPad.storyboard */ = {
			isa = PBXVariantGroup;
			children = (
				EDB2546D18FFAA7600FFD9EF /* Base */,
			);
			name = Main_iPad.storyboard;
			sourceTree = "<group>";
		};
/* End PBXVariantGroup section */

/* Begin XCBuildConfiguration section */
		EDB2548718FFAA7600FFD9EF /* Debug */ = {
			isa = XCBuildConfiguration;
			buildSettings = {
				ALWAYS_SEARCH_USER_PATHS = NO;
				CLANG_CXX_LANGUAGE_STANDARD = "gnu++0x";
				CLANG_CXX_LIBRARY = "libc++";
				CLANG_ENABLE_MODULES = YES;
				CLANG_ENABLE_OBJC_ARC = YES;
				CLANG_WARN_BOOL_CONVERSION = YES;
				CLANG_WARN_CONSTANT_CONVERSION = YES;
				CLANG_WARN_DIRECT_OBJC_ISA_USAGE = YES_ERROR;
				CLANG_WARN_EMPTY_BODY = YES;
				CLANG_WARN_ENUM_CONVERSION = YES;
				CLANG_WARN_INT_CONVERSION = YES;
				CLANG_WARN_OBJC_ROOT_CLASS = YES_ERROR;
				CLANG_WARN__DUPLICATE_METHOD_MATCH = YES;
				"CODE_SIGN_IDENTITY[sdk=iphoneos*]" = "iPhone Developer";
				COPY_PHASE_STRIP = NO;
				GCC_C_LANGUAGE_STANDARD = gnu99;
				GCC_DYNAMIC_NO_PIC = NO;
				GCC_OPTIMIZATION_LEVEL = 0;
				GCC_PREPROCESSOR_DEFINITIONS = (
					"DEBUG=1",
					"$(inherited)",
				);
				GCC_SYMBOLS_PRIVATE_EXTERN = NO;
				GCC_WARN_64_TO_32_BIT_CONVERSION = YES;
				GCC_WARN_ABOUT_RETURN_TYPE = YES_ERROR;
				GCC_WARN_UNDECLARED_SELECTOR = YES;
				GCC_WARN_UNINITIALIZED_AUTOS = YES_AGGRESSIVE;
				GCC_WARN_UNUSED_FUNCTION = YES;
				GCC_WARN_UNUSED_VARIABLE = YES;
				IPHONEOS_DEPLOYMENT_TARGET = 7.1;
				ONLY_ACTIVE_ARCH = YES;
				SDKROOT = iphoneos;
				TARGETED_DEVICE_FAMILY = "1,2";
			};
			name = Debug;
		};
		EDB2548818FFAA7600FFD9EF /* Release */ = {
			isa = XCBuildConfiguration;
			buildSettings = {
				ALWAYS_SEARCH_USER_PATHS = NO;
				CLANG_CXX_LANGUAGE_STANDARD = "gnu++0x";
				CLANG_CXX_LIBRARY = "libc++";
				CLANG_ENABLE_MODULES = YES;
				CLANG_ENABLE_OBJC_ARC = YES;
				CLANG_WARN_BOOL_CONVERSION = YES;
				CLANG_WARN_CONSTANT_CONVERSION = YES;
				CLANG_WARN_DIRECT_OBJC_ISA_USAGE = YES_ERROR;
				CLANG_WARN_EMPTY_BODY = YES;
				CLANG_WARN_ENUM_CONVERSION = YES;
				CLANG_WARN_INT_CONVERSION = YES;
				CLANG_WARN_OBJC_ROOT_CLASS = YES_ERROR;
				CLANG_WARN__DUPLICATE_METHOD_MATCH = YES;
				"CODE_SIGN_IDENTITY[sdk=iphoneos*]" = "iPhone Developer";
				COPY_PHASE_STRIP = YES;
				ENABLE_NS_ASSERTIONS = NO;
				GCC_C_LANGUAGE_STANDARD = gnu99;
				GCC_WARN_64_TO_32_BIT_CONVERSION = YES;
				GCC_WARN_ABOUT_RETURN_TYPE = YES_ERROR;
				GCC_WARN_UNDECLARED_SELECTOR = YES;
				GCC_WARN_UNINITIALIZED_AUTOS = YES_AGGRESSIVE;
				GCC_WARN_UNUSED_FUNCTION = YES;
				GCC_WARN_UNUSED_VARIABLE = YES;
				IPHONEOS_DEPLOYMENT_TARGET = 7.1;
				SDKROOT = iphoneos;
				TARGETED_DEVICE_FAMILY = "1,2";
				VALIDATE_PRODUCT = YES;
			};
			name = Release;
		};
		EDB2548A18FFAA7600FFD9EF /* Debug */ = {
			isa = XCBuildConfiguration;
			buildSettings = {
				ASSETCATALOG_COMPILER_APPICON_NAME = AppIcon;
				ASSETCATALOG_COMPILER_LAUNCHIMAGE_NAME = LaunchImage;
				GCC_PRECOMPILE_PREFIX_HEADER = YES;
				GCC_PREFIX_HEADER = "CDCodabarGenerator/CDCodabarGenerator-Prefix.pch";
				INFOPLIST_FILE = "CDCodabarGenerator/CDCodabarGenerator-Info.plist";
				PRODUCT_NAME = "$(TARGET_NAME)";
				WRAPPER_EXTENSION = app;
			};
			name = Debug;
		};
		EDB2548B18FFAA7600FFD9EF /* Release */ = {
			isa = XCBuildConfiguration;
			buildSettings = {
				ASSETCATALOG_COMPILER_APPICON_NAME = AppIcon;
				ASSETCATALOG_COMPILER_LAUNCHIMAGE_NAME = LaunchImage;
				GCC_PRECOMPILE_PREFIX_HEADER = YES;
				GCC_PREFIX_HEADER = "CDCodabarGenerator/CDCodabarGenerator-Prefix.pch";
				INFOPLIST_FILE = "CDCodabarGenerator/CDCodabarGenerator-Info.plist";
				PRODUCT_NAME = "$(TARGET_NAME)";
				WRAPPER_EXTENSION = app;
			};
			name = Release;
		};
/* End XCBuildConfiguration section */

/* Begin XCConfigurationList section */
		EDB2544F18FFAA7600FFD9EF /* Build configuration list for PBXProject "CDCodabarGenerator" */ = {
			isa = XCConfigurationList;
			buildConfigurations = (
				EDB2548718FFAA7600FFD9EF /* Debug */,
				EDB2548818FFAA7600FFD9EF /* Release */,
			);
			defaultConfigurationIsVisible = 0;
			defaultConfigurationName = Release;
		};
		EDB2548918FFAA7600FFD9EF /* Build configuration list for PBXNativeTarget "CDCodabarGenerator" */ = {
			isa = XCConfigurationList;
			buildConfigurations = (
				EDB2548A18FFAA7600FFD9EF /* Debug */,
				EDB2548B18FFAA7600FFD9EF /* Release */,
			);
			defaultConfigurationIsVisible = 0;
			defaultConfigurationName = Release;
		};
/* End XCConfigurationList section */
	};
	rootObject = EDB2544C18FFAA7600FFD9EF /* Project object */;
}
